
Microsoft Visual Studio Solution File, Format Version 12.00
# Visual Studio Version 16
VisualStudioVersion = 16.0.32228.343
MinimumVisualStudioVersion = 10.0.40219.1
Project("{FAE04EC0-301F-11D3-BF4B-00C04F79EFBC}") = "Курсова", "Курсова\Курсова.csproj", "{A88E43A6-CBF7-4BCC-9CFC-3CEB9C70FA09}"
EndProject
Global
	GlobalSection(SolutionConfigurationPlatforms) = preSolution
		Debug|Any CPU = Debug|Any CPU
		Release|Any CPU = Release|Any CPU
	EndGlobalSection
	GlobalSection(ProjectConfigurationPlatforms) = postSolution
		{A88E43A6-CBF7-4BCC-9CFC-3CEB9C70FA09}.Debug|Any CPU.ActiveCfg = Debug|Any CPU
		{A88E43A6-CBF7-4BCC-9CFC-3CEB9C70FA09}.Debug|Any CPU.Build.0 = Debug|Any CPU
		{A88E43A6-CBF7-4BCC-9CFC-3CEB9C70FA09}.Release|Any CPU.ActiveCfg = Release|Any CPU
		{A88E43A6-CBF7-4BCC-9CFC-3CEB9C70FA09}.Release|Any CPU.Build.0 = Release|Any CPU
	EndGlobalSection
	GlobalSection(SolutionProperties) = preSolution
		HideSolutionNode = FALSE
	EndGlobalSection
	GlobalSection(ExtensibilityGlobals) = postSolution
		SolutionGuid = {0F8B1178-41CB-4645-9A6A-ED32CE7F8340}
	EndGlobalSection
EndGlobal
